
Microsoft Visual Studio Solution File, Format Version 12.00
# Visual Studio Version 16
VisualStudioVersion = 16.0.31205.134
MinimumVisualStudioVersion = 10.0.40219.1
Project("{9A19103F-16F7-4668-BE54-9A1E7A4F7556}") = "DroneWar", "DroneWar\DroneWar.csproj", "{8BDDCD6C-577D-4DD0-8A9E-69FA04620166}"
EndProject
Project("{2150E333-8FDC-42A3-9474-1A3956D46DE8}") = "Notes", "Notes", "{802C1C0C-577F-49C6-A2F2-CF9172B5B45F}"
	ProjectSection(SolutionItems) = preProject
		..\Notes\notes.txt = ..\Notes\notes.txt
	EndProjectSection
EndProject
Global
	GlobalSection(SolutionConfigurationPlatforms) = preSolution
		Debug|Any CPU = Debug|Any CPU
		Release|Any CPU = Release|Any CPU
	EndGlobalSection
	GlobalSection(ProjectConfigurationPlatforms) = postSolution
		{8BDDCD6C-577D-4DD0-8A9E-69FA04620166}.Debug|Any CPU.ActiveCfg = Debug|Any CPU
		{8BDDCD6C-577D-4DD0-8A9E-69FA04620166}.Debug|Any CPU.Build.0 = Debug|Any CPU
		{8BDDCD6C-577D-4DD0-8A9E-69FA04620166}.Release|Any CPU.ActiveCfg = Release|Any CPU
		{8BDDCD6C-577D-4DD0-8A9E-69FA04620166}.Release|Any CPU.Build.0 = Release|Any CPU
	EndGlobalSection
	GlobalSection(SolutionProperties) = preSolution
		HideSolutionNode = FALSE
	EndGlobalSection
	GlobalSection(ExtensibilityGlobals) = postSolution
		SolutionGuid = {4DDA359D-E8F4-4A9A-9E5A-EAF27562874D}
	EndGlobalSection
EndGlobal
